<?xml version="1.0" encoding="UTF-8"?>
<Scheme
   LastUpgradeVersion = "0810"
   version = "1.3">
   <BuildAction
      parallelizeBuildables = "YES"
      buildImplicitDependencies = "YES">
      <BuildActionEntries>
         <BuildActionEntry
            buildForTesting = "YES"
            buildForRunning = "YES"
            buildForProfiling = "YES"
            buildForArchiving = "YES"
            buildForAnalyzing = "YES">
            <BuildableReference
               BuildableIdentifier = "primary"
               BlueprintIdentifier = "3A26FB921B10EC6D008C71F0"
               BuildableName = "Circle Target WatchKit App.app"
               BlueprintName = "Circle Target WatchKit App"
               ReferencedContainer = "container:Circle Target.xcodeproj">
            </BuildableReference>
         </BuildActionEntry>
         <BuildActionEntry
            buildForTesting = "YES"
            buildForRunning = "YES"
            buildForProfiling = "YES"
            buildForArchiving = "YES"
            buildForAnalyzing = "YES">
            <BuildableReference
               BuildableIdentifier = "primary"
               BlueprintIdentifier = "3ADD7F491AD72FA800DF001C"
               BuildableName = "Circle Target.app"
               BlueprintName = "Circle Target"
               ReferencedContainer = "container:Circle Target.xcodeproj">
            </BuildableReference>
         </BuildActionEntry>
         <BuildActionEntry
            buildForTesting = "YES"
            buildForRunning = "YES"
            buildForProfiling = "YES"
            buildForArchiving = "YES"
            buildForAnalyzing = "YES">
            <BuildableReference
               BuildableIdentifier = "primary"
               BlueprintIdentifier = "3A26FB831B10EC6D008C71F0"
               BuildableName = "Circle Target WatchKit Extension.appex"
               BlueprintName = "Circle Target WatchKit Extension"
               ReferencedContainer = "container:Circle Target.xcodeproj">
            </BuildableReference>
         </BuildActionEntry>
      </BuildActionEntries>
   </BuildAction>
   <TestAction
      buildConfiguration = "Debug"
      selectedDebuggerIdentifier = "Xcode.DebuggerFoundation.Debugger.LLDB"
      selectedLauncherIdentifier = "Xcode.DebuggerFoundation.Launcher.LLDB"
      shouldUseLaunchSchemeArgsEnv = "YES">
      <Testables>
      </Testables>
      <MacroExpansion>
         <BuildableReference
            BuildableIdentifier = "primary"
            BlueprintIdentifier = "3A26FB921B10EC6D008C71F0"
            BuildableName = "Circle Target WatchKit App.app"
            BlueprintName = "Circle Target WatchKit App"
            ReferencedContainer = "container:Circle Target.xcodeproj">
         </BuildableReference>
      </MacroExpansion>
      <AdditionalOptions>
      </AdditionalOptions>
   </TestAction>
   <LaunchAction
      buildConfiguration = "Debug"
      selectedDebuggerIdentifier = "Xcode.DebuggerFoundation.Debugger.LLDB"
      selectedLauncherIdentifier = "Xcode.DebuggerFoundation.Launcher.LLDB"
      launchStyle = "0"
      useCustomWorkingDirectory = "NO"
      ignoresPersistentStateOnLaunch = "NO"
      debugDocumentVersioning = "YES"
      debugServiceExtension = "internal"
      allowLocationSimulation = "YES">
      <RemoteRunnable
         runnableDebuggingMode = "2"
         BundleIdentifier = "com.apple.springboard"
         RemotePath = "/Circle Target">
         <BuildableReference
            BuildableIdentifier = "primary"
            BlueprintIdentifier = "3A26FB921B10EC6D008C71F0"
            BuildableName = "Circle Target WatchKit App.app"
            BlueprintName = "Circle Target WatchKit App"
            ReferencedContainer = "container:Circle Target.xcodeproj">
         </BuildableReference>
      </RemoteRunnable>
      <MacroExpansion>
         <BuildableReference
            BuildableIdentifier = "primary"
            BlueprintIdentifier = "3A26FB921B10EC6D008C71F0"
            BuildableName = "Circle Target WatchKit App.app"
            BlueprintName = "Circle Target WatchKit App"
            ReferencedContainer = "container:Circle Target.xcodeproj">
         </BuildableReference>
      </MacroExpansion>
      <AdditionalOptions>
      </AdditionalOptions>
   </LaunchAction>
   <ProfileAction
      buildConfiguration = "Release"
      shouldUseLaunchSchemeArgsEnv = "YES"
      savedToolIdentifier = ""
      useCustomWorkingDirectory = "NO"
      debugDocumentVersioning = "YES">
      <RemoteRunnable
         runnableDebuggingMode = "2"
         BundleIdentifier = "com.apple.springboard"
         RemotePath = "/Circle Target">
         <BuildableReference
            BuildableIdentifier = "primary"
            BlueprintIdentifier = "3A26FB921B10EC6D008C71F0"
            BuildableName = "Circle Target WatchKit App.app"
            BlueprintName = "Circle Target WatchKit App"
            ReferencedContainer = "container:Circle Target.xcodeproj">
         </BuildableReference>
      </RemoteRunnable>
      <MacroExpansion>
         <BuildableReference
            BuildableIdentifier = "primary"
            BlueprintIdentifier = "3A26FB921B10EC6D008C71F0"
            BuildableName = "Circle Target WatchKit App.app"
            BlueprintName = "Circle Target WatchKit App"
            ReferencedContainer = "container:Circle Target.xcodeproj">
         </BuildableReference>
      </MacroExpansion>
   </ProfileAction>
   <AnalyzeAction
      buildConfiguration = "Debug">
   </AnalyzeAction>
   <ArchiveAction
      buildConfiguration = "Release"
      revealArchiveInOrganizer = "YES">
   </ArchiveAction>
</Scheme>
