// !$*UTF8*$!
{
	archiveVersion = 1;
	classes = {
	};
	objectVersion = 46;
	objects = {

/* Begin PBXBuildFile section */
		3A1B2A931DD0515000F367D0 /* BebasNeue.otf in Resources */ = {isa = PBXBuildFile; fileRef = 3A1B2A921DD0515000F367D0 /* BebasNeue.otf */; };
		3A27E4821B40D7E2000BC92E /* Rounded Elegance.ttf in Resources */ = {isa = PBXBuildFile; fileRef = 3A27E4811B40D7E1000BC92E /* Rounded Elegance.ttf */; };
		3ADA67DE1B018FFC00CC047A /* CoreGraphics.framework in Frameworks */ = {isa = PBXBuildFile; fileRef = 3ADA67DD1B018FFC00CC047A /* CoreGraphics.framework */; };
		3ADA67EC1B01904900CC047A /* QuartzCore.framework in Frameworks */ = {isa = PBXBuildFile; fileRef = 3ADA67EB1B01904900CC047A /* QuartzCore.framework */; };
		3ADD7F501AD72FA800DF001C /* AppDelegate.swift in Sources */ = {isa = PBXBuildFile; fileRef = 3ADD7F4F1AD72FA800DF001C /* AppDelegate.swift */; };
		3ADD7F521AD72FA800DF001C /* ViewController.swift in Sources */ = {isa = PBXBuildFile; fileRef = 3ADD7F511AD72FA800DF001C /* ViewController.swift */; };
		3ADD7F551AD72FA800DF001C /* Main.storyboard in Resources */ = {isa = PBXBuildFile; fileRef = 3ADD7F531AD72FA800DF001C /* Main.storyboard */; };
		3ADD7F571AD72FA800DF001C /* Images.xcassets in Resources */ = {isa = PBXBuildFile; fileRef = 3ADD7F561AD72FA800DF001C /* Images.xcassets */; };
		3ADD7F701AD7317C00DF001C /* Circle.swift in Sources */ = {isa = PBXBuildFile; fileRef = 3ADD7F6F1AD7317C00DF001C /* Circle.swift */; };
		3B40EBA51EDCBA1E0044F0B8 /* GameCenterController.swift in Sources */ = {isa = PBXBuildFile; fileRef = 3B40EBA41EDCBA1E0044F0B8 /* GameCenterController.swift */; };
		3B5A15961EF5FBD9000608F4 /* Launch Screen.storyboard in Resources */ = {isa = PBXBuildFile; fileRef = 3B5A15951EF5FBD9000608F4 /* Launch Screen.storyboard */; };
		3B5A15F91EFA14B8000608F4 /* TSCode.framework in Frameworks */ = {isa = PBXBuildFile; fileRef = 3B5A15F81EFA14B8000608F4 /* TSCode.framework */; };
		3B5A15FA1EFA14BC000608F4 /* TSCode.framework in Frameworks */ = {isa = PBXBuildFile; fileRef = 3B5A15F81EFA14B8000608F4 /* TSCode.framework */; };
		3B5A15FB1EFA14BC000608F4 /* TSCode.framework in Embed Frameworks */ = {isa = PBXBuildFile; fileRef = 3B5A15F81EFA14B8000608F4 /* TSCode.framework */; settings = {ATTRIBUTES = (CodeSignOnCopy, RemoveHeadersOnCopy, ); }; };
		3B5A15FD1EFB676D000608F4 /* SettingsView.swift in Sources */ = {isa = PBXBuildFile; fileRef = 3B5A15FC1EFB676D000608F4 /* SettingsView.swift */; };
		3BABBDF51EDD12C1006CE6BC /* GameKit.framework in Frameworks */ = {isa = PBXBuildFile; fileRef = 3BABBDF41EDD12C1006CE6BC /* GameKit.framework */; };
/* End PBXBuildFile section */

/* Begin PBXContainerItemProxy section */
		3ADD7F601AD72FA800DF001C /* PBXContainerItemProxy */ = {
			isa = PBXContainerItemProxy;
			containerPortal = 3ADD7F421AD72FA800DF001C /* Project object */;
			proxyType = 1;
			remoteGlobalIDString = 3ADD7F491AD72FA800DF001C;
			remoteInfo = Stop;
		};
/* End PBXContainerItemProxy section */

/* Begin PBXCopyFilesBuildPhase section */
		3A26FBA81B10EC6E008C71F0 /* Embed App Extensions */ = {
			isa = PBXCopyFilesBuildPhase;
			buildActionMask = 2147483647;
			dstPath = "";
			dstSubfolderSpec = 13;
			files = (
			);
			name = "Embed App Extensions";
			runOnlyForDeploymentPostprocessing = 0;
		};
		3B5A15941EF5F18A000608F4 /* Embed Frameworks */ = {
			isa = PBXCopyFilesBuildPhase;
			buildActionMask = 2147483647;
			dstPath = "";
			dstSubfolderSpec = 10;
			files = (
				3B5A15FB1EFA14BC000608F4 /* TSCode.framework in Embed Frameworks */,
			);
			name = "Embed Frameworks";
			runOnlyForDeploymentPostprocessing = 0;
		};
/* End PBXCopyFilesBuildPhase section */

/* Begin PBXFileReference section */
		3A1B2A921DD0515000F367D0 /* BebasNeue.otf */ = {isa = PBXFileReference; lastKnownFileType = file; path = BebasNeue.otf; sourceTree = "<group>"; };
		3A27E4811B40D7E1000BC92E /* Rounded Elegance.ttf */ = {isa = PBXFileReference; lastKnownFileType = file; path = "Rounded Elegance.ttf"; sourceTree = "<group>"; };
		3ADA67DD1B018FFC00CC047A /* CoreGraphics.framework */ = {isa = PBXFileReference; lastKnownFileType = wrapper.framework; name = CoreGraphics.framework; path = System/Library/Frameworks/CoreGraphics.framework; sourceTree = SDKROOT; };
		3ADA67EB1B01904900CC047A /* QuartzCore.framework */ = {isa = PBXFileReference; lastKnownFileType = wrapper.framework; name = QuartzCore.framework; path = System/Library/Frameworks/QuartzCore.framework; sourceTree = SDKROOT; };
		3ADA67ED1B01905400CC047A /* Social.framework */ = {isa = PBXFileReference; lastKnownFileType = wrapper.framework; name = Social.framework; path = System/Library/Frameworks/Social.framework; sourceTree = SDKROOT; };
		3ADD7F4A1AD72FA800DF001C /* Circle Target.app */ = {isa = PBXFileReference; explicitFileType = wrapper.application; includeInIndex = 0; path = "Circle Target.app"; sourceTree = BUILT_PRODUCTS_DIR; };
		3ADD7F4E1AD72FA800DF001C /* Info.plist */ = {isa = PBXFileReference; lastKnownFileType = text.plist.xml; path = Info.plist; sourceTree = "<group>"; };
		3ADD7F4F1AD72FA800DF001C /* AppDelegate.swift */ = {isa = PBXFileReference; lastKnownFileType = sourcecode.swift; path = AppDelegate.swift; sourceTree = "<group>"; };
		3ADD7F511AD72FA800DF001C /* ViewController.swift */ = {isa = PBXFileReference; lastKnownFileType = sourcecode.swift; path = ViewController.swift; sourceTree = "<group>"; };
		3ADD7F541AD72FA800DF001C /* Base */ = {isa = PBXFileReference; lastKnownFileType = file.storyboard; name = Base; path = Base.lproj/Main.storyboard; sourceTree = "<group>"; };
		3ADD7F561AD72FA800DF001C /* Images.xcassets */ = {isa = PBXFileReference; lastKnownFileType = folder.assetcatalog; path = Images.xcassets; sourceTree = "<group>"; };
		3ADD7F5F1AD72FA800DF001C /* CircleTargetTests.xctest */ = {isa = PBXFileReference; explicitFileType = wrapper.cfbundle; includeInIndex = 0; path = CircleTargetTests.xctest; sourceTree = BUILT_PRODUCTS_DIR; };
		3ADD7F6F1AD7317C00DF001C /* Circle.swift */ = {isa = PBXFileReference; fileEncoding = 4; lastKnownFileType = sourcecode.swift; path = Circle.swift; sourceTree = "<group>"; };
		3B40EBA41EDCBA1E0044F0B8 /* GameCenterController.swift */ = {isa = PBXFileReference; fileEncoding = 4; lastKnownFileType = sourcecode.swift; path = GameCenterController.swift; sourceTree = "<group>"; };
		3B5A15951EF5FBD9000608F4 /* Launch Screen.storyboard */ = {isa = PBXFileReference; fileEncoding = 4; lastKnownFileType = file.storyboard; path = "Launch Screen.storyboard"; sourceTree = "<group>"; };
		3B5A15F81EFA14B8000608F4 /* TSCode.framework */ = {isa = PBXFileReference; lastKnownFileType = wrapper.framework; path = TSCode.framework; sourceTree = "<group>"; };
		3B5A15FC1EFB676D000608F4 /* SettingsView.swift */ = {isa = PBXFileReference; fileEncoding = 4; lastKnownFileType = sourcecode.swift; path = SettingsView.swift; sourceTree = "<group>"; };
		3BABBDF41EDD12C1006CE6BC /* GameKit.framework */ = {isa = PBXFileReference; lastKnownFileType = wrapper.framework; name = GameKit.framework; path = System/Library/Frameworks/GameKit.framework; sourceTree = SDKROOT; };
/* End PBXFileReference section */

/* Begin PBXFrameworksBuildPhase section */
		3ADD7F471AD72FA800DF001C /* Frameworks */ = {
			isa = PBXFrameworksBuildPhase;
			buildActionMask = 2147483647;
			files = (
				3B5A15FA1EFA14BC000608F4 /* TSCode.framework in Frameworks */,
				3BABBDF51EDD12C1006CE6BC /* GameKit.framework in Frameworks */,
				3ADA67EC1B01904900CC047A /* QuartzCore.framework in Frameworks */,
				3B5A15F91EFA14B8000608F4 /* TSCode.framework in Frameworks */,
				3ADA67DE1B018FFC00CC047A /* CoreGraphics.framework in Frameworks */,
			);
			runOnlyForDeploymentPostprocessing = 0;
		};
		3ADD7F5C1AD72FA800DF001C /* Frameworks */ = {
			isa = PBXFrameworksBuildPhase;
			buildActionMask = 2147483647;
			files = (
			);
			runOnlyForDeploymentPostprocessing = 0;
		};
/* End PBXFrameworksBuildPhase section */

/* Begin PBXGroup section */
		3ADD7F411AD72FA800DF001C = {
			isa = PBXGroup;
			children = (
				3ADD7F4C1AD72FA800DF001C /* Circle Target */,
				3ADD7F4B1AD72FA800DF001C /* Products */,
				3BABBDF31EDD12C1006CE6BC /* Frameworks */,
			);
			sourceTree = "<group>";
		};
		3ADD7F4B1AD72FA800DF001C /* Products */ = {
			isa = PBXGroup;
			children = (
				3ADD7F4A1AD72FA800DF001C /* Circle Target.app */,
				3ADD7F5F1AD72FA800DF001C /* CircleTargetTests.xctest */,
			);
			name = Products;
			sourceTree = "<group>";
		};
		3ADD7F4C1AD72FA800DF001C /* Circle Target */ = {
			isa = PBXGroup;
			children = (
				3B5A15F81EFA14B8000608F4 /* TSCode.framework */,
				3ADD7F4F1AD72FA800DF001C /* AppDelegate.swift */,
				3ADD7F511AD72FA800DF001C /* ViewController.swift */,
				3B40EBA41EDCBA1E0044F0B8 /* GameCenterController.swift */,
				3ADD7F6F1AD7317C00DF001C /* Circle.swift */,
				3B5A15FC1EFB676D000608F4 /* SettingsView.swift */,
				3ADD7F531AD72FA800DF001C /* Main.storyboard */,
				3ADD7F561AD72FA800DF001C /* Images.xcassets */,
				3ADD7F4D1AD72FA800DF001C /* Supporting Files */,
			);
			name = "Circle Target";
			path = Stop;
			sourceTree = "<group>";
		};
		3ADD7F4D1AD72FA800DF001C /* Supporting Files */ = {
			isa = PBXGroup;
			children = (
				3B5A15951EF5FBD9000608F4 /* Launch Screen.storyboard */,
				3A1B2A921DD0515000F367D0 /* BebasNeue.otf */,
				3A27E4811B40D7E1000BC92E /* Rounded Elegance.ttf */,
				3ADA67ED1B01905400CC047A /* Social.framework */,
				3ADA67EB1B01904900CC047A /* QuartzCore.framework */,
				3ADA67DD1B018FFC00CC047A /* CoreGraphics.framework */,
				3ADD7F4E1AD72FA800DF001C /* Info.plist */,
			);
			name = "Supporting Files";
			sourceTree = "<group>";
		};
		3BABBDF31EDD12C1006CE6BC /* Frameworks */ = {
			isa = PBXGroup;
			children = (
				3BABBDF41EDD12C1006CE6BC /* GameKit.framework */,
			);
			name = Frameworks;
			sourceTree = "<group>";
		};
/* End PBXGroup section */

/* Begin PBXNativeTarget section */
		3ADD7F491AD72FA800DF001C /* Circle Target */ = {
			isa = PBXNativeTarget;
			buildConfigurationList = 3ADD7F691AD72FA800DF001C /* Build configuration list for PBXNativeTarget "Circle Target" */;
			buildPhases = (
				3ADD7F461AD72FA800DF001C /* Sources */,
				3ADD7F471AD72FA800DF001C /* Frameworks */,
				3ADD7F481AD72FA800DF001C /* Resources */,
				3A26FBA81B10EC6E008C71F0 /* Embed App Extensions */,
				3B5A15941EF5F18A000608F4 /* Embed Frameworks */,
			);
			buildRules = (
			);
			dependencies = (
			);
			name = "Circle Target";
			productName = Stop;
			productReference = 3ADD7F4A1AD72FA800DF001C /* Circle Target.app */;
			productType = "com.apple.product-type.application";
		};
		3ADD7F5E1AD72FA800DF001C /* CircleTargetTests */ = {
			isa = PBXNativeTarget;
			buildConfigurationList = 3ADD7F6C1AD72FA800DF001C /* Build configuration list for PBXNativeTarget "CircleTargetTests" */;
			buildPhases = (
				3ADD7F5B1AD72FA800DF001C /* Sources */,
				3ADD7F5C1AD72FA800DF001C /* Frameworks */,
				3ADD7F5D1AD72FA800DF001C /* Resources */,
			);
			buildRules = (
			);
			dependencies = (
				3ADD7F611AD72FA800DF001C /* PBXTargetDependency */,
			);
			name = CircleTargetTests;
			productName = StopTests;
			productReference = 3ADD7F5F1AD72FA800DF001C /* CircleTargetTests.xctest */;
			productType = "com.apple.product-type.bundle.unit-test";
		};
/* End PBXNativeTarget section */

/* Begin PBXProject section */
		3ADD7F421AD72FA800DF001C /* Project object */ = {
			isa = PBXProject;
			attributes = {
				LastSwiftMigration = 0720;
				LastSwiftUpdateCheck = 0720;
				LastUpgradeCheck = 0810;
				ORGANIZATIONNAME = NCUnited;
				TargetAttributes = {
					3ADD7F491AD72FA800DF001C = {
						CreatedOnToolsVersion = 6.2;
						DevelopmentTeam = Q443KXN5V7;
						LastSwiftMigration = 0810;
						ProvisioningStyle = Automatic;
						SystemCapabilities = {
							com.apple.GameCenter = {
								enabled = 1;
							};
							com.apple.InterAppAudio = {
								enabled = 0;
							};
						};
					};
					3ADD7F5E1AD72FA800DF001C = {
						CreatedOnToolsVersion = 6.2;
						TestTargetID = 3ADD7F491AD72FA800DF001C;
					};
				};
			};
			buildConfigurationList = 3ADD7F451AD72FA800DF001C /* Build configuration list for PBXProject "Circle Target" */;
			compatibilityVersion = "Xcode 3.2";
			developmentRegion = English;
			hasScannedForEncodings = 0;
			knownRegions = (
				en,
				Base,
			);
			mainGroup = 3ADD7F411AD72FA800DF001C;
			productRefGroup = 3ADD7F4B1AD72FA800DF001C /* Products */;
			projectDirPath = "";
			projectRoot = "";
			targets = (
				3ADD7F491AD72FA800DF001C /* Circle Target */,
				3ADD7F5E1AD72FA800DF001C /* CircleTargetTests */,
			);
		};
/* End PBXProject section */

/* Begin PBXResourcesBuildPhase section */
		3ADD7F481AD72FA800DF001C /* Resources */ = {
			isa = PBXResourcesBuildPhase;
			buildActionMask = 2147483647;
			files = (
				3ADD7F551AD72FA800DF001C /* Main.storyboard in Resources */,
				3A27E4821B40D7E2000BC92E /* Rounded Elegance.ttf in Resources */,
				3A1B2A931DD0515000F367D0 /* BebasNeue.otf in Resources */,
				3B5A15961EF5FBD9000608F4 /* Launch Screen.storyboard in Resources */,
				3ADD7F571AD72FA800DF001C /* Images.xcassets in Resources */,
			);
			runOnlyForDeploymentPostprocessing = 0;
		};
		3ADD7F5D1AD72FA800DF001C /* Resources */ = {
			isa = PBXResourcesBuildPhase;
			buildActionMask = 2147483647;
			files = (
			);
			runOnlyForDeploymentPostprocessing = 0;
		};
/* End PBXResourcesBuildPhase section */

/* Begin PBXSourcesBuildPhase section */
		3ADD7F461AD72FA800DF001C /* Sources */ = {
			isa = PBXSourcesBuildPhase;
			buildActionMask = 2147483647;
			files = (
				3B5A15FD1EFB676D000608F4 /* SettingsView.swift in Sources */,
				3B40EBA51EDCBA1E0044F0B8 /* GameCenterController.swift in Sources */,
				3ADD7F521AD72FA800DF001C /* ViewController.swift in Sources */,
				3ADD7F501AD72FA800DF001C /* AppDelegate.swift in Sources */,
				3ADD7F701AD7317C00DF001C /* Circle.swift in Sources */,
			);
			runOnlyForDeploymentPostprocessing = 0;
		};
		3ADD7F5B1AD72FA800DF001C /* Sources */ = {
			isa = PBXSourcesBuildPhase;
			buildActionMask = 2147483647;
			files = (
			);
			runOnlyForDeploymentPostprocessing = 0;
		};
/* End PBXSourcesBuildPhase section */

/* Begin PBXTargetDependency section */
		3ADD7F611AD72FA800DF001C /* PBXTargetDependency */ = {
			isa = PBXTargetDependency;
			target = 3ADD7F491AD72FA800DF001C /* Circle Target */;
			targetProxy = 3ADD7F601AD72FA800DF001C /* PBXContainerItemProxy */;
		};
/* End PBXTargetDependency section */

/* Begin PBXVariantGroup section */
		3ADD7F531AD72FA800DF001C /* Main.storyboard */ = {
			isa = PBXVariantGroup;
			children = (
				3ADD7F541AD72FA800DF001C /* Base */,
			);
			name = Main.storyboard;
			sourceTree = "<group>";
		};
/* End PBXVariantGroup section */

/* Begin XCBuildConfiguration section */
		3ADD7F671AD72FA800DF001C /* Debug */ = {
			isa = XCBuildConfiguration;
			buildSettings = {
				ALWAYS_SEARCH_USER_PATHS = NO;
				CLANG_CXX_LANGUAGE_STANDARD = "gnu++0x";
				CLANG_CXX_LIBRARY = "libc++";
				CLANG_ENABLE_MODULES = YES;
				CLANG_ENABLE_OBJC_ARC = YES;
				CLANG_WARN_BOOL_CONVERSION = YES;
				CLANG_WARN_CONSTANT_CONVERSION = YES;
				CLANG_WARN_DIRECT_OBJC_ISA_USAGE = YES_ERROR;
				CLANG_WARN_EMPTY_BODY = YES;
				CLANG_WARN_ENUM_CONVERSION = YES;
				CLANG_WARN_INFINITE_RECURSION = YES;
				CLANG_WARN_INT_CONVERSION = YES;
				CLANG_WARN_OBJC_ROOT_CLASS = YES_ERROR;
				CLANG_WARN_SUSPICIOUS_MOVE = YES;
				CLANG_WARN_UNREACHABLE_CODE = YES;
				CLANG_WARN__DUPLICATE_METHOD_MATCH = YES;
				CODE_SIGN_IDENTITY = "iPhone Distribution: Trevor Stevenson (Q443KXN5V7)";
				"CODE_SIGN_IDENTITY[sdk=iphoneos*]" = "iPhone Distribution: Trevor Stevenson (Q443KXN5V7)";
				COPY_PHASE_STRIP = NO;
				ENABLE_STRICT_OBJC_MSGSEND = YES;
				ENABLE_TESTABILITY = YES;
				GCC_C_LANGUAGE_STANDARD = gnu99;
				GCC_DYNAMIC_NO_PIC = NO;
				GCC_NO_COMMON_BLOCKS = YES;
				GCC_OPTIMIZATION_LEVEL = 0;
				GCC_PREPROCESSOR_DEFINITIONS = (
					"DEBUG=1",
					"$(inherited)",
				);
				GCC_SYMBOLS_PRIVATE_EXTERN = NO;
				GCC_WARN_64_TO_32_BIT_CONVERSION = YES;
				GCC_WARN_ABOUT_RETURN_TYPE = YES_ERROR;
				GCC_WARN_UNDECLARED_SELECTOR = YES;
				GCC_WARN_UNINITIALIZED_AUTOS = YES_AGGRESSIVE;
				GCC_WARN_UNUSED_FUNCTION = YES;
				GCC_WARN_UNUSED_VARIABLE = YES;
				IPHONEOS_DEPLOYMENT_TARGET = 8.0;
				MTL_ENABLE_DEBUG_INFO = YES;
				ONLY_ACTIVE_ARCH = YES;
				SDKROOT = iphoneos;
				SWIFT_OPTIMIZATION_LEVEL = "-Onone";
				TARGETED_DEVICE_FAMILY = "1,2";
			};
			name = Debug;
		};
		3ADD7F681AD72FA800DF001C /* Release */ = {
			isa = XCBuildConfiguration;
			buildSettings = {
				ALWAYS_SEARCH_USER_PATHS = NO;
				CLANG_CXX_LANGUAGE_STANDARD = "gnu++0x";
				CLANG_CXX_LIBRARY = "libc++";
				CLANG_ENABLE_MODULES = YES;
				CLANG_ENABLE_OBJC_ARC = YES;
				CLANG_WARN_BOOL_CONVERSION = YES;
				CLANG_WARN_CONSTANT_CONVERSION = YES;
				CLANG_WARN_DIRECT_OBJC_ISA_USAGE = YES_ERROR;
				CLANG_WARN_EMPTY_BODY = YES;
				CLANG_WARN_ENUM_CONVERSION = YES;
				CLANG_WARN_INFINITE_RECURSION = YES;
				CLANG_WARN_INT_CONVERSION = YES;
				CLANG_WARN_OBJC_ROOT_CLASS = YES_ERROR;
				CLANG_WARN_SUSPICIOUS_MOVE = YES;
				CLANG_WARN_UNREACHABLE_CODE = YES;
				CLANG_WARN__DUPLICATE_METHOD_MATCH = YES;
				CODE_SIGN_IDENTITY = "iPhone Distribution: Trevor Stevenson (Q443KXN5V7)";
				"CODE_SIGN_IDENTITY[sdk=iphoneos*]" = "iPhone Distribution: Trevor Stevenson (Q443KXN5V7)";
				COPY_PHASE_STRIP = NO;
				ENABLE_NS_ASSERTIONS = NO;
				ENABLE_STRICT_OBJC_MSGSEND = YES;
				GCC_C_LANGUAGE_STANDARD = gnu99;
				GCC_NO_COMMON_BLOCKS = YES;
				GCC_WARN_64_TO_32_BIT_CONVERSION = YES;
				GCC_WARN_ABOUT_RETURN_TYPE = YES_ERROR;
				GCC_WARN_UNDECLARED_SELECTOR = YES;
				GCC_WARN_UNINITIALIZED_AUTOS = YES_AGGRESSIVE;
				GCC_WARN_UNUSED_FUNCTION = YES;
				GCC_WARN_UNUSED_VARIABLE = YES;
				IPHONEOS_DEPLOYMENT_TARGET = 8.0;
				MTL_ENABLE_DEBUG_INFO = NO;
				SDKROOT = iphoneos;
				SWIFT_OPTIMIZATION_LEVEL = "-Owholemodule";
				TARGETED_DEVICE_FAMILY = "1,2";
				VALIDATE_PRODUCT = YES;
			};
			name = Release;
		};
		3ADD7F6A1AD72FA800DF001C /* Debug */ = {
			isa = XCBuildConfiguration;
			buildSettings = {
				ASSETCATALOG_COMPILER_APPICON_NAME = AppIcon;
				CLANG_ENABLE_MODULES = YES;
				CODE_SIGN_IDENTITY = "iPhone Distribution: Trevor Stevenson (Q443KXN5V7)";
				"CODE_SIGN_IDENTITY[sdk=iphoneos*]" = "iPhone Developer";
				DEVELOPMENT_TEAM = "";
				FRAMEWORK_SEARCH_PATHS = (
					"$(inherited)",
					"$(PROJECT_DIR)",
					"$(PROJECT_DIR)/Stop",
				);
				INFOPLIST_FILE = Stop/Info.plist;
				IPHONEOS_DEPLOYMENT_TARGET = 10.0;
				LD_RUNPATH_SEARCH_PATHS = "$(inherited) @executable_path/Frameworks";
				OTHER_LDFLAGS = "-ObjC";
				PRODUCT_BUNDLE_IDENTIFIER = com.TripleTorus.CircleTarget;
				PRODUCT_NAME = "$(TARGET_NAME)";
				PROVISIONING_PROFILE_SPECIFIER = "";
				SWIFT_OBJC_BRIDGING_HEADER = "";
				SWIFT_OPTIMIZATION_LEVEL = "-Onone";
				SWIFT_VERSION = 3.0;
				TARGETED_DEVICE_FAMILY = 1;
			};
			name = Debug;
		};
		3ADD7F6B1AD72FA800DF001C /* Release */ = {
			isa = XCBuildConfiguration;
			buildSettings = {
				ASSETCATALOG_COMPILER_APPICON_NAME = AppIcon;
				CLANG_ENABLE_MODULES = YES;
				CODE_SIGN_IDENTITY = "iPhone Distribution: Trevor Stevenson (Q443KXN5V7)";
				"CODE_SIGN_IDENTITY[sdk=iphoneos*]" = "iPhone Developer";
				DEVELOPMENT_TEAM = "";
				FRAMEWORK_SEARCH_PATHS = (
					"$(inherited)",
					"$(PROJECT_DIR)",
					"$(PROJECT_DIR)/Stop",
				);
				INFOPLIST_FILE = Stop/Info.plist;
				IPHONEOS_DEPLOYMENT_TARGET = 10.0;
				LD_RUNPATH_SEARCH_PATHS = "$(inherited) @executable_path/Frameworks";
				OTHER_LDFLAGS = "-ObjC";
				PRODUCT_BUNDLE_IDENTIFIER = com.TripleTorus.CircleTarget;
				PRODUCT_NAME = "$(TARGET_NAME)";
				PROVISIONING_PROFILE_SPECIFIER = "";
				SWIFT_OBJC_BRIDGING_HEADER = "";
				SWIFT_VERSION = 3.0;
				TARGETED_DEVICE_FAMILY = 1;
			};
			name = Release;
		};
		3ADD7F6D1AD72FA800DF001C /* Debug */ = {
			isa = XCBuildConfiguration;
			buildSettings = {
				BUNDLE_LOADER = "$(TEST_HOST)";
				FRAMEWORK_SEARCH_PATHS = (
					"$(SDKROOT)/Developer/Library/Frameworks",
					"$(inherited)",
				);
				GCC_PREPROCESSOR_DEFINITIONS = (
					"DEBUG=1",
					"$(inherited)",
				);
				INFOPLIST_FILE = StopTests/Info.plist;
				LD_RUNPATH_SEARCH_PATHS = "$(inherited) @executable_path/Frameworks @loader_path/Frameworks";
				PRODUCT_BUNDLE_IDENTIFIER = "com.NCUnited.$(PRODUCT_NAME:rfc1034identifier)";
				PRODUCT_NAME = "$(TARGET_NAME)";
				TEST_HOST = "$(BUILT_PRODUCTS_DIR)/Stop.app/Stop";
			};
			name = Debug;
		};
		3ADD7F6E1AD72FA800DF001C /* Release */ = {
			isa = XCBuildConfiguration;
			buildSettings = {
				BUNDLE_LOADER = "$(TEST_HOST)";
				FRAMEWORK_SEARCH_PATHS = (
					"$(SDKROOT)/Developer/Library/Frameworks",
					"$(inherited)",
				);
				INFOPLIST_FILE = StopTests/Info.plist;
				LD_RUNPATH_SEARCH_PATHS = "$(inherited) @executable_path/Frameworks @loader_path/Frameworks";
				PRODUCT_BUNDLE_IDENTIFIER = "com.NCUnited.$(PRODUCT_NAME:rfc1034identifier)";
				PRODUCT_NAME = "$(TARGET_NAME)";
				TEST_HOST = "$(BUILT_PRODUCTS_DIR)/Stop.app/Stop";
			};
			name = Release;
		};
/* End XCBuildConfiguration section */

/* Begin XCConfigurationList section */
		3ADD7F451AD72FA800DF001C /* Build configuration list for PBXProject "Circle Target" */ = {
			isa = XCConfigurationList;
			buildConfigurations = (
				3ADD7F671AD72FA800DF001C /* Debug */,
				3ADD7F681AD72FA800DF001C /* Release */,
			);
			defaultConfigurationIsVisible = 0;
			defaultConfigurationName = Release;
		};
		3ADD7F691AD72FA800DF001C /* Build configuration list for PBXNativeTarget "Circle Target" */ = {
			isa = XCConfigurationList;
			buildConfigurations = (
				3ADD7F6A1AD72FA800DF001C /* Debug */,
				3ADD7F6B1AD72FA800DF001C /* Release */,
			);
			defaultConfigurationIsVisible = 0;
			defaultConfigurationName = Release;
		};
		3ADD7F6C1AD72FA800DF001C /* Build configuration list for PBXNativeTarget "CircleTargetTests" */ = {
			isa = XCConfigurationList;
			buildConfigurations = (
				3ADD7F6D1AD72FA800DF001C /* Debug */,
				3ADD7F6E1AD72FA800DF001C /* Release */,
			);
			defaultConfigurationIsVisible = 0;
			defaultConfigurationName = Release;
		};
/* End XCConfigurationList section */
	};
	rootObject = 3ADD7F421AD72FA800DF001C /* Project object */;
}
